
Microsoft Visual Studio Solution File, Format Version 12.00
# Visual Studio 15
VisualStudioVersion = 15.0.27004.2008
MinimumVisualStudioVersion = 10.0.40219.1
Project("{FAE04EC0-301F-11D3-BF4B-00C04F79EFBC}") = "HolaMundo", "HolaMundo\HolaMundo.csproj", "{63D71672-5FD4-491D-B4D5-291CE33F4960}"
EndProject
Global
	GlobalSection(SolutionConfigurationPlatforms) = preSolution
		Debug|Any CPU = Debug|Any CPU
		Release|Any CPU = Release|Any CPU
	EndGlobalSection
	GlobalSection(ProjectConfigurationPlatforms) = postSolution
		{63D71672-5FD4-491D-B4D5-291CE33F4960}.Debug|Any CPU.ActiveCfg = Debug|Any CPU
		{63D71672-5FD4-491D-B4D5-291CE33F4960}.Debug|Any CPU.Build.0 = Debug|Any CPU
		{63D71672-5FD4-491D-B4D5-291CE33F4960}.Release|Any CPU.ActiveCfg = Release|Any CPU
		{63D71672-5FD4-491D-B4D5-291CE33F4960}.Release|Any CPU.Build.0 = Release|Any CPU
	EndGlobalSection
	GlobalSection(SolutionProperties) = preSolution
		HideSolutionNode = FALSE
	EndGlobalSection
	GlobalSection(ExtensibilityGlobals) = postSolution
		SolutionGuid = {399FCF19-D4AF-45F1-A739-B56290D6B058}
	EndGlobalSection
EndGlobal
